
Microsoft Visual Studio Solution File, Format Version 12.00
# Visual Studio Version 17
VisualStudioVersion = 17.13.35806.99 d17.13
MinimumVisualStudioVersion = 10.0.40219.1
Project("{FAE04EC0-301F-11D3-BF4B-00C04F79EFBC}") = "Indigo.Invoice.API", "Indigo.Invoice.API.csproj", "{08B002EB-2A28-4E8C-9C2B-F6ACCF7456BB}"
EndProject
Global
	GlobalSection(SolutionConfigurationPlatforms) = preSolution
		Debug|Any CPU = Debug|Any CPU
		Release|Any CPU = Release|Any CPU
	EndGlobalSection
	GlobalSection(ProjectConfigurationPlatforms) = postSolution
		{08B002EB-2A28-4E8C-9C2B-F6ACCF7456BB}.Debug|Any CPU.ActiveCfg = Debug|Any CPU
		{08B002EB-2A28-4E8C-9C2B-F6ACCF7456BB}.Debug|Any CPU.Build.0 = Debug|Any CPU
		{08B002EB-2A28-4E8C-9C2B-F6ACCF7456BB}.Release|Any CPU.ActiveCfg = Release|Any CPU
		{08B002EB-2A28-4E8C-9C2B-F6ACCF7456BB}.Release|Any CPU.Build.0 = Release|Any CPU
	EndGlobalSection
	GlobalSection(SolutionProperties) = preSolution
		HideSolutionNode = FALSE
	EndGlobalSection
	GlobalSection(ExtensibilityGlobals) = postSolution
		SolutionGuid = {0D7D0DF3-C242-445A-BC18-28B392D3533F}
	EndGlobalSection
EndGlobal
